
Microsoft Visual Studio Solution File, Format Version 12.00
# Visual Studio 15
VisualStudioVersion = 15.0.28307.572
MinimumVisualStudioVersion = 10.0.40219.1
Project("{FAE04EC0-301F-11D3-BF4B-00C04F79EFBC}") = "Biblioteca de Games", "Biblioteca de Games\Biblioteca de Games.csproj", "{8940E4CB-7A1D-4780-B34A-A85D05A49DD2}"
EndProject
Global
	GlobalSection(SolutionConfigurationPlatforms) = preSolution
		Debug|Any CPU = Debug|Any CPU
		Release|Any CPU = Release|Any CPU
	EndGlobalSection
	GlobalSection(ProjectConfigurationPlatforms) = postSolution
		{8940E4CB-7A1D-4780-B34A-A85D05A49DD2}.Debug|Any CPU.ActiveCfg = Debug|Any CPU
		{8940E4CB-7A1D-4780-B34A-A85D05A49DD2}.Debug|Any CPU.Build.0 = Debug|Any CPU
		{8940E4CB-7A1D-4780-B34A-A85D05A49DD2}.Release|Any CPU.ActiveCfg = Release|Any CPU
		{8940E4CB-7A1D-4780-B34A-A85D05A49DD2}.Release|Any CPU.Build.0 = Release|Any CPU
	EndGlobalSection
	GlobalSection(SolutionProperties) = preSolution
		HideSolutionNode = FALSE
	EndGlobalSection
	GlobalSection(ExtensibilityGlobals) = postSolution
		SolutionGuid = {91DA614D-8A72-4274-8D6C-362850F49F96}
	EndGlobalSection
EndGlobal
